PODS:
  - Flutter (1.0.0)
  - re_svg (0.0.1):
    - Flutter
    - resvg (~> 0.1.2)
  - resvg (0.1.2)

DEPENDENCIES:
  - Flutter (from `Flutter`)
  - re_svg (from `.symlinks/plugins/re_svg/ios`)

SPEC REPOS:
  trunk:
    - resvg

EXTERNAL SOURCES:
  Flutter:
    :path: Flutter
  re_svg:
    :path: ".symlinks/plugins/re_svg/ios"

SPEC CHECKSUMS:
  Flutter: e0871f40cf51350855a761d2e70bf5af5b9b5de7
  re_svg: 64ecdbb41724c0c27e42a64dbd7de56c4180c578
  resvg: 0c79160ff7225147153f9c8e2bda5377714a4a54

PODFILE CHECKSUM: 819463e6a0290f5a72f145ba7cde16e8b6ef0796

COCOAPODS: 1.15.2
